
Microsoft Visual Studio Solution File, Format Version 12.00
# Visual Studio 15
Project("{FAE04EC0-301F-11D3-BF4B-00C04F79EFBC}") = "ReadyPlayerMe.Core.Editor", "ReadyPlayerMe.Core.Editor.csproj", "{34636F58-E53E-F54D-6FC7-844731873547}"
EndProject
Project("{FAE04EC0-301F-11D3-BF4B-00C04F79EFBC}") = "ReadyPlayerMe.Samples.AvatarLoading", "ReadyPlayerMe.Samples.AvatarLoading.csproj", "{E8269F6A-5329-77EB-A3E9-4F249F8744BE}"
EndProject
Project("{FAE04EC0-301F-11D3-BF4B-00C04F79EFBC}") = "ReadyPlayerMe.Core", "ReadyPlayerMe.Core.csproj", "{0B57A8B8-99C5-DDA1-9EA7-46199F1D235C}"
EndProject
Project("{FAE04EC0-301F-11D3-BF4B-00C04F79EFBC}") = "ReadyPlayerMe.AvatarCreator", "ReadyPlayerMe.AvatarCreator.csproj", "{E45C04DE-BF92-E595-83D3-17BE030F42A6}"
EndProject
Project("{FAE04EC0-301F-11D3-BF4B-00C04F79EFBC}") = "ReadyPlayerMe.Samples.AvatarCreatorElements", "ReadyPlayerMe.Samples.AvatarCreatorElements.csproj", "{66ED9C02-BE80-2657-3B7E-07FE8A109250}"
EndProject
Project("{FAE04EC0-301F-11D3-BF4B-00C04F79EFBC}") = "ReadyPlayerMe.Samples.WebGLSample", "ReadyPlayerMe.Samples.WebGLSample.csproj", "{DF20BD4D-A9F8-907D-72A1-D60BA675D8CB}"
EndProject
Project("{FAE04EC0-301F-11D3-BF4B-00C04F79EFBC}") = "ReadyPlayerMe.Samples.AvatarCreatorWizard", "ReadyPlayerMe.Samples.AvatarCreatorWizard.csproj", "{242918D7-0582-5C90-F7CE-D9135E669D47}"
EndProject
Project("{FAE04EC0-301F-11D3-BF4B-00C04F79EFBC}") = "Assembly-CSharp-Editor", "Assembly-CSharp-Editor.csproj", "{30C84D93-4E9C-F57B-A0F9-DC52D56700FB}"
EndProject
Project("{FAE04EC0-301F-11D3-BF4B-00C04F79EFBC}") = "ReadyPlayerMe.Samples.QuickStart", "ReadyPlayerMe.Samples.QuickStart.csproj", "{FFD3AA1E-0956-1F79-34BA-DF4404179F31}"
EndProject
Project("{FAE04EC0-301F-11D3-BF4B-00C04F79EFBC}") = "ReadyPlayerMe.Samples.AvatarRenders", "ReadyPlayerMe.Samples.AvatarRenders.csproj", "{FC30337B-FE13-C168-F9FA-C355DBF7A758}"
EndProject
Project("{FAE04EC0-301F-11D3-BF4B-00C04F79EFBC}") = "ReadyPlayerMe.AvatarCreator.Editor", "ReadyPlayerMe.AvatarCreator.Editor.csproj", "{B05E4419-A4B7-C776-08A2-A402C9E6E78F}"
EndProject
Project("{FAE04EC0-301F-11D3-BF4B-00C04F79EFBC}") = "Assembly-CSharp", "Assembly-CSharp.csproj", "{A9D2C62E-8CC8-6D3B-C53E-6F0149F1A43F}"
EndProject
Project("{FAE04EC0-301F-11D3-BF4B-00C04F79EFBC}") = "ReadyPlayerMe.Core.WebGLSample.Editor", "ReadyPlayerMe.Core.WebGLSample.Editor.csproj", "{48078A23-3235-2CE7-0790-4B7D377BB0CE}"
EndProject
Global
	GlobalSection(SolutionConfigurationPlatforms) = preSolution
		Debug|Any CPU = Debug|Any CPU
		Release|Any CPU = Release|Any CPU
	EndGlobalSection
	GlobalSection(ProjectConfigurationPlatforms) = postSolution
		{34636F58-E53E-F54D-6FC7-844731873547}.Debug|Any CPU.ActiveCfg = Debug|Any CPU
		{34636F58-E53E-F54D-6FC7-844731873547}.Debug|Any CPU.Build.0 = Debug|Any CPU
		{34636F58-E53E-F54D-6FC7-844731873547}.Release|Any CPU.ActiveCfg = Release|Any CPU
		{34636F58-E53E-F54D-6FC7-844731873547}.Release|Any CPU.Build.0 = Release|Any CPU
		{E8269F6A-5329-77EB-A3E9-4F249F8744BE}.Debug|Any CPU.ActiveCfg = Debug|Any CPU
		{E8269F6A-5329-77EB-A3E9-4F249F8744BE}.Debug|Any CPU.Build.0 = Debug|Any CPU
		{E8269F6A-5329-77EB-A3E9-4F249F8744BE}.Release|Any CPU.ActiveCfg = Release|Any CPU
		{E8269F6A-5329-77EB-A3E9-4F249F8744BE}.Release|Any CPU.Build.0 = Release|Any CPU
		{0B57A8B8-99C5-DDA1-9EA7-46199F1D235C}.Debug|Any CPU.ActiveCfg = Debug|Any CPU
		{0B57A8B8-99C5-DDA1-9EA7-46199F1D235C}.Debug|Any CPU.Build.0 = Debug|Any CPU
		{0B57A8B8-99C5-DDA1-9EA7-46199F1D235C}.Release|Any CPU.ActiveCfg = Release|Any CPU
		{0B57A8B8-99C5-DDA1-9EA7-46199F1D235C}.Release|Any CPU.Build.0 = Release|Any CPU
		{E45C04DE-BF92-E595-83D3-17BE030F42A6}.Debug|Any CPU.ActiveCfg = Debug|Any CPU
		{E45C04DE-BF92-E595-83D3-17BE030F42A6}.Debug|Any CPU.Build.0 = Debug|Any CPU
		{E45C04DE-BF92-E595-83D3-17BE030F42A6}.Release|Any CPU.ActiveCfg = Release|Any CPU
		{E45C04DE-BF92-E595-83D3-17BE030F42A6}.Release|Any CPU.Build.0 = Release|Any CPU
		{66ED9C02-BE80-2657-3B7E-07FE8A109250}.Debug|Any CPU.ActiveCfg = Debug|Any CPU
		{66ED9C02-BE80-2657-3B7E-07FE8A109250}.Debug|Any CPU.Build.0 = Debug|Any CPU
		{66ED9C02-BE80-2657-3B7E-07FE8A109250}.Release|Any CPU.ActiveCfg = Release|Any CPU
		{66ED9C02-BE80-2657-3B7E-07FE8A109250}.Release|Any CPU.Build.0 = Release|Any CPU
		{DF20BD4D-A9F8-907D-72A1-D60BA675D8CB}.Debug|Any CPU.ActiveCfg = Debug|Any CPU
		{DF20BD4D-A9F8-907D-72A1-D60BA675D8CB}.Debug|Any CPU.Build.0 = Debug|Any CPU
		{DF20BD4D-A9F8-907D-72A1-D60BA675D8CB}.Release|Any CPU.ActiveCfg = Release|Any CPU
		{DF20BD4D-A9F8-907D-72A1-D60BA675D8CB}.Release|Any CPU.Build.0 = Release|Any CPU
		{242918D7-0582-5C90-F7CE-D9135E669D47}.Debug|Any CPU.ActiveCfg = Debug|Any CPU
		{242918D7-0582-5C90-F7CE-D9135E669D47}.Debug|Any CPU.Build.0 = Debug|Any CPU
		{242918D7-0582-5C90-F7CE-D9135E669D47}.Release|Any CPU.ActiveCfg = Release|Any CPU
		{242918D7-0582-5C90-F7CE-D9135E669D47}.Release|Any CPU.Build.0 = Release|Any CPU
		{30C84D93-4E9C-F57B-A0F9-DC52D56700FB}.Debug|Any CPU.ActiveCfg = Debug|Any CPU
		{30C84D93-4E9C-F57B-A0F9-DC52D56700FB}.Debug|Any CPU.Build.0 = Debug|Any CPU
		{30C84D93-4E9C-F57B-A0F9-DC52D56700FB}.Release|Any CPU.ActiveCfg = Release|Any CPU
		{30C84D93-4E9C-F57B-A0F9-DC52D56700FB}.Release|Any CPU.Build.0 = Release|Any CPU
		{FFD3AA1E-0956-1F79-34BA-DF4404179F31}.Debug|Any CPU.ActiveCfg = Debug|Any CPU
		{FFD3AA1E-0956-1F79-34BA-DF4404179F31}.Debug|Any CPU.Build.0 = Debug|Any CPU
		{FFD3AA1E-0956-1F79-34BA-DF4404179F31}.Release|Any CPU.ActiveCfg = Release|Any CPU
		{FFD3AA1E-0956-1F79-34BA-DF4404179F31}.Release|Any CPU.Build.0 = Release|Any CPU
		{FC30337B-FE13-C168-F9FA-C355DBF7A758}.Debug|Any CPU.ActiveCfg = Debug|Any CPU
		{FC30337B-FE13-C168-F9FA-C355DBF7A758}.Debug|Any CPU.Build.0 = Debug|Any CPU
		{FC30337B-FE13-C168-F9FA-C355DBF7A758}.Release|Any CPU.ActiveCfg = Release|Any CPU
		{FC30337B-FE13-C168-F9FA-C355DBF7A758}.Release|Any CPU.Build.0 = Release|Any CPU
		{B05E4419-A4B7-C776-08A2-A402C9E6E78F}.Debug|Any CPU.ActiveCfg = Debug|Any CPU
		{B05E4419-A4B7-C776-08A2-A402C9E6E78F}.Debug|Any CPU.Build.0 = Debug|Any CPU
		{B05E4419-A4B7-C776-08A2-A402C9E6E78F}.Release|Any CPU.ActiveCfg = Release|Any CPU
		{B05E4419-A4B7-C776-08A2-A402C9E6E78F}.Release|Any CPU.Build.0 = Release|Any CPU
		{A9D2C62E-8CC8-6D3B-C53E-6F0149F1A43F}.Debug|Any CPU.ActiveCfg = Debug|Any CPU
		{A9D2C62E-8CC8-6D3B-C53E-6F0149F1A43F}.Debug|Any CPU.Build.0 = Debug|Any CPU
		{A9D2C62E-8CC8-6D3B-C53E-6F0149F1A43F}.Release|Any CPU.ActiveCfg = Release|Any CPU
		{A9D2C62E-8CC8-6D3B-C53E-6F0149F1A43F}.Release|Any CPU.Build.0 = Release|Any CPU
		{48078A23-3235-2CE7-0790-4B7D377BB0CE}.Debug|Any CPU.ActiveCfg = Debug|Any CPU
		{48078A23-3235-2CE7-0790-4B7D377BB0CE}.Debug|Any CPU.Build.0 = Debug|Any CPU
		{48078A23-3235-2CE7-0790-4B7D377BB0CE}.Release|Any CPU.ActiveCfg = Release|Any CPU
		{48078A23-3235-2CE7-0790-4B7D377BB0CE}.Release|Any CPU.Build.0 = Release|Any CPU
	EndGlobalSection
	GlobalSection(SolutionProperties) = preSolution
		HideSolutionNode = FALSE
	EndGlobalSection
EndGlobal
